
Microsoft Visual Studio Solution File, Format Version 12.00
# Visual Studio Version 17
VisualStudioVersion = 17.0.31903.59
MinimumVisualStudioVersion = 10.0.40219.1
Project("{FAE04EC0-301F-11D3-BF4B-00C04F79EFBC}") = "AvaloniaHiDPI", "AvaloniaHiDPI\AvaloniaHiDPI.csproj", "{FC8651B1-AADD-4AC0-870B-4E9B14CA2076}"
EndProject
Project("{FAE04EC0-301F-11D3-BF4B-00C04F79EFBC}") = "AvaloniaTest", "AvaloniaTest\AvaloniaTest.csproj", "{8392BA3C-8A77-4E24-8A12-E51D55485872}"
EndProject
Global
	GlobalSection(SolutionConfigurationPlatforms) = preSolution
		Debug|Any CPU = Debug|Any CPU
		Release|Any CPU = Release|Any CPU
	EndGlobalSection
	GlobalSection(ProjectConfigurationPlatforms) = postSolution
		{FC8651B1-AADD-4AC0-870B-4E9B14CA2076}.Debug|Any CPU.ActiveCfg = Debug|Any CPU
		{FC8651B1-AADD-4AC0-870B-4E9B14CA2076}.Debug|Any CPU.Build.0 = Debug|Any CPU
		{FC8651B1-AADD-4AC0-870B-4E9B14CA2076}.Release|Any CPU.ActiveCfg = Release|Any CPU
		{FC8651B1-AADD-4AC0-870B-4E9B14CA2076}.Release|Any CPU.Build.0 = Release|Any CPU
		{8392BA3C-8A77-4E24-8A12-E51D55485872}.Debug|Any CPU.ActiveCfg = Debug|Any CPU
		{8392BA3C-8A77-4E24-8A12-E51D55485872}.Debug|Any CPU.Build.0 = Debug|Any CPU
		{8392BA3C-8A77-4E24-8A12-E51D55485872}.Release|Any CPU.ActiveCfg = Release|Any CPU
		{8392BA3C-8A77-4E24-8A12-E51D55485872}.Release|Any CPU.Build.0 = Release|Any CPU
	EndGlobalSection
	GlobalSection(SolutionProperties) = preSolution
		HideSolutionNode = FALSE
	EndGlobalSection
EndGlobal
